
Microsoft Visual Studio Solution File, Format Version 12.00
# Visual Studio Version 17
VisualStudioVersion = 17.14.36221.1 d17.14
MinimumVisualStudioVersion = 10.0.40219.1
Project("{FAE04EC0-301F-11D3-BF4B-00C04F79EFBC}") = "Istijara.API", "Istijara.API\Istijara.API.csproj", "{45D5FDB7-DFCE-4FF8-B69F-2A204497C100}"
EndProject
Project("{FAE04EC0-301F-11D3-BF4B-00C04F79EFBC}") = "Istijara.Core", "Istijara.Core\Istijara.Core.csproj", "{FB32BFFC-0DF9-4CD0-8CE1-4FEE95425D57}"
EndProject
Project("{FAE04EC0-301F-11D3-BF4B-00C04F79EFBC}") = "Istijara.Repository", "Istijara.Repository\Istijara.Repository.csproj", "{5DBC5F15-3361-4B88-8E1D-0DE5E88A16D5}"
EndProject
Project("{FAE04EC0-301F-11D3-BF4B-00C04F79EFBC}") = "Istijara.Service", "Istijara.Service\Istijara.Service.csproj", "{66C68105-92ED-4CA8-8065-82410AB85538}"
EndProject
Global
	GlobalSection(SolutionConfigurationPlatforms) = preSolution
		Debug|Any CPU = Debug|Any CPU
		Release|Any CPU = Release|Any CPU
	EndGlobalSection
	GlobalSection(ProjectConfigurationPlatforms) = postSolution
		{45D5FDB7-DFCE-4FF8-B69F-2A204497C100}.Debug|Any CPU.ActiveCfg = Debug|Any CPU
		{45D5FDB7-DFCE-4FF8-B69F-2A204497C100}.Debug|Any CPU.Build.0 = Debug|Any CPU
		{45D5FDB7-DFCE-4FF8-B69F-2A204497C100}.Release|Any CPU.ActiveCfg = Release|Any CPU
		{45D5FDB7-DFCE-4FF8-B69F-2A204497C100}.Release|Any CPU.Build.0 = Release|Any CPU
		{FB32BFFC-0DF9-4CD0-8CE1-4FEE95425D57}.Debug|Any CPU.ActiveCfg = Debug|Any CPU
		{FB32BFFC-0DF9-4CD0-8CE1-4FEE95425D57}.Debug|Any CPU.Build.0 = Debug|Any CPU
		{FB32BFFC-0DF9-4CD0-8CE1-4FEE95425D57}.Release|Any CPU.ActiveCfg = Release|Any CPU
		{FB32BFFC-0DF9-4CD0-8CE1-4FEE95425D57}.Release|Any CPU.Build.0 = Release|Any CPU
		{5DBC5F15-3361-4B88-8E1D-0DE5E88A16D5}.Debug|Any CPU.ActiveCfg = Debug|Any CPU
		{5DBC5F15-3361-4B88-8E1D-0DE5E88A16D5}.Debug|Any CPU.Build.0 = Debug|Any CPU
		{5DBC5F15-3361-4B88-8E1D-0DE5E88A16D5}.Release|Any CPU.ActiveCfg = Release|Any CPU
		{5DBC5F15-3361-4B88-8E1D-0DE5E88A16D5}.Release|Any CPU.Build.0 = Release|Any CPU
		{66C68105-92ED-4CA8-8065-82410AB85538}.Debug|Any CPU.ActiveCfg = Debug|Any CPU
		{66C68105-92ED-4CA8-8065-82410AB85538}.Debug|Any CPU.Build.0 = Debug|Any CPU
		{66C68105-92ED-4CA8-8065-82410AB85538}.Release|Any CPU.ActiveCfg = Release|Any CPU
		{66C68105-92ED-4CA8-8065-82410AB85538}.Release|Any CPU.Build.0 = Release|Any CPU
	EndGlobalSection
	GlobalSection(SolutionProperties) = preSolution
		HideSolutionNode = FALSE
	EndGlobalSection
	GlobalSection(ExtensibilityGlobals) = postSolution
		SolutionGuid = {C6243FB7-4473-460F-B615-6E9BA4CB0FA3}
	EndGlobalSection
EndGlobal
